
Microsoft Visual Studio Solution File, Format Version 12.00
# Visual Studio Version 17
VisualStudioVersion = 17.8.34309.116
MinimumVisualStudioVersion = 10.0.40219.1
Project("{9A19103F-16F7-4668-BE54-9A1E7A4F7556}") = "autorest.common", "autorest.common\src\autorest.common.csproj", "{14C25B01-E63A-46C6-8C0E-4D6D426F0C10}"
EndProject
Project("{9A19103F-16F7-4668-BE54-9A1E7A4F7556}") = "autorest.csharp", "autorest.csharp\src\autorest.csharp.csproj", "{47C27DC6-B642-40B1-911A-F8C5E916D430}"
EndProject
Project("{9A19103F-16F7-4668-BE54-9A1E7A4F7556}") = "autorest.modeler", "autorest.modeler\src\autorest.modeler.csproj", "{1B278F8B-FCC2-4A37-9C29-BF7C504D8606}"
EndProject
Project("{9A19103F-16F7-4668-BE54-9A1E7A4F7556}") = "autorest.python", "autorest.python\src\autorest.python.csproj", "{BAE48981-7CA2-45AC-A387-04DD4AE4C412}"
EndProject
Project("{9A19103F-16F7-4668-BE54-9A1E7A4F7556}") = "autorest.typescript", "autorest.typescript\src\autorest.typescript.csproj", "{3032F53B-96F1-498F-A819-2FB368B13124}"
EndProject
Global
	GlobalSection(SolutionConfigurationPlatforms) = preSolution
		Debug|Any CPU = Debug|Any CPU
		Release|Any CPU = Release|Any CPU
	EndGlobalSection
	GlobalSection(ProjectConfigurationPlatforms) = postSolution
		{14C25B01-E63A-46C6-8C0E-4D6D426F0C10}.Debug|Any CPU.ActiveCfg = Debug|Any CPU
		{14C25B01-E63A-46C6-8C0E-4D6D426F0C10}.Debug|Any CPU.Build.0 = Debug|Any CPU
		{14C25B01-E63A-46C6-8C0E-4D6D426F0C10}.Release|Any CPU.ActiveCfg = Release|Any CPU
		{14C25B01-E63A-46C6-8C0E-4D6D426F0C10}.Release|Any CPU.Build.0 = Release|Any CPU
		{47C27DC6-B642-40B1-911A-F8C5E916D430}.Debug|Any CPU.ActiveCfg = Debug|Any CPU
		{47C27DC6-B642-40B1-911A-F8C5E916D430}.Debug|Any CPU.Build.0 = Debug|Any CPU
		{47C27DC6-B642-40B1-911A-F8C5E916D430}.Release|Any CPU.ActiveCfg = Release|Any CPU
		{47C27DC6-B642-40B1-911A-F8C5E916D430}.Release|Any CPU.Build.0 = Release|Any CPU
		{1B278F8B-FCC2-4A37-9C29-BF7C504D8606}.Debug|Any CPU.ActiveCfg = Debug|Any CPU
		{1B278F8B-FCC2-4A37-9C29-BF7C504D8606}.Debug|Any CPU.Build.0 = Debug|Any CPU
		{1B278F8B-FCC2-4A37-9C29-BF7C504D8606}.Release|Any CPU.ActiveCfg = Release|Any CPU
		{1B278F8B-FCC2-4A37-9C29-BF7C504D8606}.Release|Any CPU.Build.0 = Release|Any CPU
		{BAE48981-7CA2-45AC-A387-04DD4AE4C412}.Debug|Any CPU.ActiveCfg = Debug|Any CPU
		{BAE48981-7CA2-45AC-A387-04DD4AE4C412}.Debug|Any CPU.Build.0 = Debug|Any CPU
		{BAE48981-7CA2-45AC-A387-04DD4AE4C412}.Release|Any CPU.ActiveCfg = Release|Any CPU
		{BAE48981-7CA2-45AC-A387-04DD4AE4C412}.Release|Any CPU.Build.0 = Release|Any CPU
		{3032F53B-96F1-498F-A819-2FB368B13124}.Debug|Any CPU.ActiveCfg = Debug|Any CPU
		{3032F53B-96F1-498F-A819-2FB368B13124}.Debug|Any CPU.Build.0 = Debug|Any CPU
		{3032F53B-96F1-498F-A819-2FB368B13124}.Release|Any CPU.ActiveCfg = Release|Any CPU
		{3032F53B-96F1-498F-A819-2FB368B13124}.Release|Any CPU.Build.0 = Release|Any CPU
	EndGlobalSection
	GlobalSection(SolutionProperties) = preSolution
		HideSolutionNode = FALSE
	EndGlobalSection
	GlobalSection(ExtensibilityGlobals) = postSolution
		SolutionGuid = {109E6BB2-E43C-4B45-B676-C446BA7249F6}
	EndGlobalSection
EndGlobal
